// !$*UTF8*$!
{
	archiveVersion = 1;
	classes = {
	};
	objectVersion = 51;
	objects = {

/* Begin PBXBuildFile section */
		529FB247EF21AEADD803EAE2 /* Pods_IW_Employee_System.framework in Frameworks */ = {isa = PBXBuildFile; fileRef = F2C1D503B8D016B1FFA0B665 /* Pods_IW_Employee_System.framework */; };
		BA0C144D22D302EB001394F0 /* MapViewController.swift in Sources */ = {isa = PBXBuildFile; fileRef = BA0C144C22D302EB001394F0 /* MapViewController.swift */; };
		BA1B36F422CB4B0900593C34 /* User.swift in Sources */ = {isa = PBXBuildFile; fileRef = BA1B36F322CB4B0900593C34 /* User.swift */; };
		BA1B36F622CB632100593C34 /* UserDefaultsHelper.swift in Sources */ = {isa = PBXBuildFile; fileRef = BA1B36F522CB632100593C34 /* UserDefaultsHelper.swift */; };
		BA1B36F822CB70D800593C34 /* Constants.swift in Sources */ = {isa = PBXBuildFile; fileRef = BA1B36F722CB70D800593C34 /* Constants.swift */; };
		BA2AE1BB22C5DB71008A70E2 /* Employee.swift in Sources */ = {isa = PBXBuildFile; fileRef = BA2AE1BA22C5DB71008A70E2 /* Employee.swift */; };
		BA63445422C47A4E0024CB25 /* AppTabBarController.swift in Sources */ = {isa = PBXBuildFile; fileRef = BA63445322C47A4E0024CB25 /* AppTabBarController.swift */; };
		BA63445722C47B8C0024CB25 /* AppFunctionalityStoryboard.storyboard in Resources */ = {isa = PBXBuildFile; fileRef = BA63445622C47B8C0024CB25 /* AppFunctionalityStoryboard.storyboard */; };
		BA63445922C485CC0024CB25 /* HomeViewController.swift in Sources */ = {isa = PBXBuildFile; fileRef = BA63445822C485CC0024CB25 /* HomeViewController.swift */; };
		BA63445B22C488040024CB25 /* SettingsViewController.swift in Sources */ = {isa = PBXBuildFile; fileRef = BA63445A22C488040024CB25 /* SettingsViewController.swift */; };
		BA63445F22C48A190024CB25 /* HomeStoryboard.storyboard in Resources */ = {isa = PBXBuildFile; fileRef = BA63445E22C48A190024CB25 /* HomeStoryboard.storyboard */; };
		BA63446122C48A280024CB25 /* SettingsStoryboard.storyboard in Resources */ = {isa = PBXBuildFile; fileRef = BA63446022C48A280024CB25 /* SettingsStoryboard.storyboard */; };
		BA63446322C499C50024CB25 /* DetailsViewController.swift in Sources */ = {isa = PBXBuildFile; fileRef = BA63446222C499C50024CB25 /* DetailsViewController.swift */; };
		BA6A54B722CA093C00468E13 /* EmployeeCollectionViewCell.xib in Resources */ = {isa = PBXBuildFile; fileRef = BA6A54B522CA093C00468E13 /* EmployeeCollectionViewCell.xib */; };
		BA6A54BB22CA0BEB00468E13 /* EmployeeCollectionViewCell.swift in Sources */ = {isa = PBXBuildFile; fileRef = BA6A54BA22CA0BEB00468E13 /* EmployeeCollectionViewCell.swift */; };
		BA6A54BE22CA0E5F00468E13 /* Project.swift in Sources */ = {isa = PBXBuildFile; fileRef = BA6A54BD22CA0E5F00468E13 /* Project.swift */; };
		BA74AEFB22C364D50038DCEF /* StringConstants.swift in Sources */ = {isa = PBXBuildFile; fileRef = BA74AEFA22C364D50038DCEF /* StringConstants.swift */; };
		BA74AEFF22C3780F0038DCEF /* FormValidation.swift in Sources */ = {isa = PBXBuildFile; fileRef = BA74AEFE22C3780F0038DCEF /* FormValidation.swift */; };
		BA74AF0122C37BA00038DCEF /* LoginModel.swift in Sources */ = {isa = PBXBuildFile; fileRef = BA74AF0022C37BA00038DCEF /* LoginModel.swift */; };
		BA74AF0322C381320038DCEF /* SignUpModel.swift in Sources */ = {isa = PBXBuildFile; fileRef = BA74AF0222C381320038DCEF /* SignUpModel.swift */; };
		BA74AF0622C382AB0038DCEF /* StringExtension.swift in Sources */ = {isa = PBXBuildFile; fileRef = BA74AF0522C382AB0038DCEF /* StringExtension.swift */; };
		BA74AF0822C383D20038DCEF /* IntExtension.swift in Sources */ = {isa = PBXBuildFile; fileRef = BA74AF0722C383D20038DCEF /* IntExtension.swift */; };
		BA74AF0A22C384500038DCEF /* BoolExtension.swift in Sources */ = {isa = PBXBuildFile; fileRef = BA74AF0922C384500038DCEF /* BoolExtension.swift */; };
		BA74AF0E22C38BFF0038DCEF /* UIViewControllerExtension.swift in Sources */ = {isa = PBXBuildFile; fileRef = BA74AF0D22C38BFF0038DCEF /* UIViewControllerExtension.swift */; };
		BA871D5E22D5E7C300E8CBB6 /* CLPlacemarkExtension.swift in Sources */ = {isa = PBXBuildFile; fileRef = BA871D5D22D5E7C300E8CBB6 /* CLPlacemarkExtension.swift */; };
		BAB22F2622C9C815008FC03A /* EmployeeTableViewCell.swift in Sources */ = {isa = PBXBuildFile; fileRef = BAB22F2422C9C815008FC03A /* EmployeeTableViewCell.swift */; };
		BAB22F2722C9C815008FC03A /* EmployeeTableViewCell.xib in Resources */ = {isa = PBXBuildFile; fileRef = BAB22F2522C9C815008FC03A /* EmployeeTableViewCell.xib */; };
		BADBAE8B22C1DF4700E38EBA /* AppDelegate.swift in Sources */ = {isa = PBXBuildFile; fileRef = BADBAE8A22C1DF4700E38EBA /* AppDelegate.swift */; };
		BADBAE8D22C1DF4700E38EBA /* ViewController.swift in Sources */ = {isa = PBXBuildFile; fileRef = BADBAE8C22C1DF4700E38EBA /* ViewController.swift */; };
		BADBAE9022C1DF4700E38EBA /* Main.storyboard in Resources */ = {isa = PBXBuildFile; fileRef = BADBAE8E22C1DF4700E38EBA /* Main.storyboard */; };
		BADBAE9222C1DF4900E38EBA /* Assets.xcassets in Resources */ = {isa = PBXBuildFile; fileRef = BADBAE9122C1DF4900E38EBA /* Assets.xcassets */; };
		BADBAE9522C1DF4900E38EBA /* LaunchScreen.storyboard in Resources */ = {isa = PBXBuildFile; fileRef = BADBAE9322C1DF4900E38EBA /* LaunchScreen.storyboard */; };
		BADBAE9F22C1DF7D00E38EBA /* AccountStoryboard.storyboard in Resources */ = {isa = PBXBuildFile; fileRef = BADBAE9E22C1DF7D00E38EBA /* AccountStoryboard.storyboard */; };
		BADBAEA222C1DF9A00E38EBA /* LoginViewController.swift in Sources */ = {isa = PBXBuildFile; fileRef = BADBAEA122C1DF9A00E38EBA /* LoginViewController.swift */; };
		BADBAEA522C1E03B00E38EBA /* SignUpViewController.swift in Sources */ = {isa = PBXBuildFile; fileRef = BADBAEA422C1E03B00E38EBA /* SignUpViewController.swift */; };
		BADBAEAB22C2340000E38EBA /* AccessoryBar.xib in Resources */ = {isa = PBXBuildFile; fileRef = BADBAEA822C233FF00E38EBA /* AccessoryBar.xib */; };
		BADBAEAC22C2340000E38EBA /* KeyboardAvoidingViewController.swift in Sources */ = {isa = PBXBuildFile; fileRef = BADBAEA922C233FF00E38EBA /* KeyboardAvoidingViewController.swift */; };
		BADBAEAD22C2340000E38EBA /* AccessoryBar.swift in Sources */ = {isa = PBXBuildFile; fileRef = BADBAEAA22C233FF00E38EBA /* AccessoryBar.swift */; };
/* End PBXBuildFile section */

/* Begin PBXFileReference section */
		23157B5413DAC9EE16E04732 /* Pods-IW Employee System.release.xcconfig */ = {isa = PBXFileReference; includeInIndex = 1; lastKnownFileType = text.xcconfig; name = "Pods-IW Employee System.release.xcconfig"; path = "Target Support Files/Pods-IW Employee System/Pods-IW Employee System.release.xcconfig"; sourceTree = "<group>"; };
		7F2825018667EFDABDE01E40 /* Pods-IW Employee System.debug.xcconfig */ = {isa = PBXFileReference; includeInIndex = 1; lastKnownFileType = text.xcconfig; name = "Pods-IW Employee System.debug.xcconfig"; path = "Target Support Files/Pods-IW Employee System/Pods-IW Employee System.debug.xcconfig"; sourceTree = "<group>"; };
		BA0C144C22D302EB001394F0 /* MapViewController.swift */ = {isa = PBXFileReference; lastKnownFileType = sourcecode.swift; path = MapViewController.swift; sourceTree = "<group>"; };
		BA1B36F322CB4B0900593C34 /* User.swift */ = {isa = PBXFileReference; lastKnownFileType = sourcecode.swift; path = User.swift; sourceTree = "<group>"; };
		BA1B36F522CB632100593C34 /* UserDefaultsHelper.swift */ = {isa = PBXFileReference; lastKnownFileType = sourcecode.swift; path = UserDefaultsHelper.swift; sourceTree = "<group>"; };
		BA1B36F722CB70D800593C34 /* Constants.swift */ = {isa = PBXFileReference; lastKnownFileType = sourcecode.swift; path = Constants.swift; sourceTree = "<group>"; };
		BA2AE1BA22C5DB71008A70E2 /* Employee.swift */ = {isa = PBXFileReference; lastKnownFileType = sourcecode.swift; path = Employee.swift; sourceTree = "<group>"; };
		BA63445322C47A4E0024CB25 /* AppTabBarController.swift */ = {isa = PBXFileReference; lastKnownFileType = sourcecode.swift; path = AppTabBarController.swift; sourceTree = "<group>"; };
		BA63445622C47B8C0024CB25 /* AppFunctionalityStoryboard.storyboard */ = {isa = PBXFileReference; lastKnownFileType = file.storyboard; path = AppFunctionalityStoryboard.storyboard; sourceTree = "<group>"; };
		BA63445822C485CC0024CB25 /* HomeViewController.swift */ = {isa = PBXFileReference; lastKnownFileType = sourcecode.swift; path = HomeViewController.swift; sourceTree = "<group>"; };
		BA63445A22C488040024CB25 /* SettingsViewController.swift */ = {isa = PBXFileReference; lastKnownFileType = sourcecode.swift; path = SettingsViewController.swift; sourceTree = "<group>"; };
		BA63445E22C48A190024CB25 /* HomeStoryboard.storyboard */ = {isa = PBXFileReference; lastKnownFileType = file.storyboard; path = HomeStoryboard.storyboard; sourceTree = "<group>"; };
		BA63446022C48A280024CB25 /* SettingsStoryboard.storyboard */ = {isa = PBXFileReference; lastKnownFileType = file.storyboard; path = SettingsStoryboard.storyboard; sourceTree = "<group>"; };
		BA63446222C499C50024CB25 /* DetailsViewController.swift */ = {isa = PBXFileReference; lastKnownFileType = sourcecode.swift; path = DetailsViewController.swift; sourceTree = "<group>"; };
		BA6A54B522CA093C00468E13 /* EmployeeCollectionViewCell.xib */ = {isa = PBXFileReference; lastKnownFileType = file.xib; path = EmployeeCollectionViewCell.xib; sourceTree = "<group>"; };
		BA6A54BA22CA0BEB00468E13 /* EmployeeCollectionViewCell.swift */ = {isa = PBXFileReference; lastKnownFileType = sourcecode.swift; path = EmployeeCollectionViewCell.swift; sourceTree = "<group>"; };
		BA6A54BD22CA0E5F00468E13 /* Project.swift */ = {isa = PBXFileReference; lastKnownFileType = sourcecode.swift; path = Project.swift; sourceTree = "<group>"; };
		BA74AEFA22C364D50038DCEF /* StringConstants.swift */ = {isa = PBXFileReference; lastKnownFileType = sourcecode.swift; path = StringConstants.swift; sourceTree = "<group>"; };
		BA74AEFE22C3780F0038DCEF /* FormValidation.swift */ = {isa = PBXFileReference; lastKnownFileType = sourcecode.swift; path = FormValidation.swift; sourceTree = "<group>"; };
		BA74AF0022C37BA00038DCEF /* LoginModel.swift */ = {isa = PBXFileReference; lastKnownFileType = sourcecode.swift; path = LoginModel.swift; sourceTree = "<group>"; };
		BA74AF0222C381320038DCEF /* SignUpModel.swift */ = {isa = PBXFileReference; lastKnownFileType = sourcecode.swift; path = SignUpModel.swift; sourceTree = "<group>"; };
		BA74AF0522C382AB0038DCEF /* StringExtension.swift */ = {isa = PBXFileReference; lastKnownFileType = sourcecode.swift; path = StringExtension.swift; sourceTree = "<group>"; };
		BA74AF0722C383D20038DCEF /* IntExtension.swift */ = {isa = PBXFileReference; lastKnownFileType = sourcecode.swift; path = IntExtension.swift; sourceTree = "<group>"; };
		BA74AF0922C384500038DCEF /* BoolExtension.swift */ = {isa = PBXFileReference; lastKnownFileType = sourcecode.swift; path = BoolExtension.swift; sourceTree = "<group>"; };
		BA74AF0D22C38BFF0038DCEF /* UIViewControllerExtension.swift */ = {isa = PBXFileReference; lastKnownFileType = sourcecode.swift; path = UIViewControllerExtension.swift; sourceTree = "<group>"; };
		BA871D5D22D5E7C300E8CBB6 /* CLPlacemarkExtension.swift */ = {isa = PBXFileReference; lastKnownFileType = sourcecode.swift; path = CLPlacemarkExtension.swift; sourceTree = "<group>"; };
		BAB22F2422C9C815008FC03A /* EmployeeTableViewCell.swift */ = {isa = PBXFileReference; lastKnownFileType = sourcecode.swift; path = EmployeeTableViewCell.swift; sourceTree = "<group>"; };
		BAB22F2522C9C815008FC03A /* EmployeeTableViewCell.xib */ = {isa = PBXFileReference; lastKnownFileType = file.xib; path = EmployeeTableViewCell.xib; sourceTree = "<group>"; };
		BADBAE8722C1DF4700E38EBA /* IW Employee System.app */ = {isa = PBXFileReference; explicitFileType = wrapper.application; includeInIndex = 0; path = "IW Employee System.app"; sourceTree = BUILT_PRODUCTS_DIR; };
		BADBAE8A22C1DF4700E38EBA /* AppDelegate.swift */ = {isa = PBXFileReference; lastKnownFileType = sourcecode.swift; path = AppDelegate.swift; sourceTree = "<group>"; };
		BADBAE8C22C1DF4700E38EBA /* ViewController.swift */ = {isa = PBXFileReference; lastKnownFileType = sourcecode.swift; path = ViewController.swift; sourceTree = "<group>"; };
		BADBAE8F22C1DF4700E38EBA /* Base */ = {isa = PBXFileReference; lastKnownFileType = file.storyboard; name = Base; path = Base.lproj/Main.storyboard; sourceTree = "<group>"; };
		BADBAE9122C1DF4900E38EBA /* Assets.xcassets */ = {isa = PBXFileReference; lastKnownFileType = folder.assetcatalog; path = Assets.xcassets; sourceTree = "<group>"; };
		BADBAE9422C1DF4900E38EBA /* Base */ = {isa = PBXFileReference; lastKnownFileType = file.storyboard; name = Base; path = Base.lproj/LaunchScreen.storyboard; sourceTree = "<group>"; };
		BADBAE9622C1DF4900E38EBA /* Info.plist */ = {isa = PBXFileReference; lastKnownFileType = text.plist.xml; path = Info.plist; sourceTree = "<group>"; };
		BADBAE9E22C1DF7D00E38EBA /* AccountStoryboard.storyboard */ = {isa = PBXFileReference; lastKnownFileType = file.storyboard; path = AccountStoryboard.storyboard; sourceTree = "<group>"; };
		BADBAEA122C1DF9A00E38EBA /* LoginViewController.swift */ = {isa = PBXFileReference; lastKnownFileType = sourcecode.swift; path = LoginViewController.swift; sourceTree = "<group>"; };
		BADBAEA422C1E03B00E38EBA /* SignUpViewController.swift */ = {isa = PBXFileReference; lastKnownFileType = sourcecode.swift; path = SignUpViewController.swift; sourceTree = "<group>"; };
		BADBAEA822C233FF00E38EBA /* AccessoryBar.xib */ = {isa = PBXFileReference; fileEncoding = 4; lastKnownFileType = file.xib; path = AccessoryBar.xib; sourceTree = "<group>"; };
		BADBAEA922C233FF00E38EBA /* KeyboardAvoidingViewController.swift */ = {isa = PBXFileReference; fileEncoding = 4; lastKnownFileType = sourcecode.swift; path = KeyboardAvoidingViewController.swift; sourceTree = "<group>"; };
		BADBAEAA22C233FF00E38EBA /* AccessoryBar.swift */ = {isa = PBXFileReference; fileEncoding = 4; lastKnownFileType = sourcecode.swift; path = AccessoryBar.swift; sourceTree = "<group>"; };
		F2C1D503B8D016B1FFA0B665 /* Pods_IW_Employee_System.framework */ = {isa = PBXFileReference; explicitFileType = wrapper.framework; includeInIndex = 0; path = Pods_IW_Employee_System.framework; sourceTree = BUILT_PRODUCTS_DIR; };
/* End PBXFileReference section */

/* Begin PBXFrameworksBuildPhase section */
		BADBAE8422C1DF4700E38EBA /* Frameworks */ = {
			isa = PBXFrameworksBuildPhase;
			buildActionMask = 2147483647;
			files = (
				529FB247EF21AEADD803EAE2 /* Pods_IW_Employee_System.framework in Frameworks */,
			);
			runOnlyForDeploymentPostprocessing = 0;
		};
/* End PBXFrameworksBuildPhase section */

/* Begin PBXGroup section */
		0975E2F91C5B1C804FE67705 /* Pods */ = {
			isa = PBXGroup;
			children = (
				7F2825018667EFDABDE01E40 /* Pods-IW Employee System.debug.xcconfig */,
				23157B5413DAC9EE16E04732 /* Pods-IW Employee System.release.xcconfig */,
			);
			path = Pods;
			sourceTree = "<group>";
		};
		4EFDB5BDC5290D694B039FA8 /* Frameworks */ = {
			isa = PBXGroup;
			children = (
				F2C1D503B8D016B1FFA0B665 /* Pods_IW_Employee_System.framework */,
			);
			name = Frameworks;
			sourceTree = "<group>";
		};
		BA2AE1BE22C5E0BB008A70E2 /* Employee List */ = {
			isa = PBXGroup;
			children = (
				BA2AE1BA22C5DB71008A70E2 /* Employee.swift */,
			);
			path = "Employee List";
			sourceTree = "<group>";
		};
		BA63445222C47A3A0024CB25 /* Dashboard */ = {
			isa = PBXGroup;
			children = (
				BA63445322C47A4E0024CB25 /* AppTabBarController.swift */,
			);
			path = Dashboard;
			sourceTree = "<group>";
		};
		BA63445522C47B660024CB25 /* App Functionality */ = {
			isa = PBXGroup;
			children = (
				BA63445D22C489FD0024CB25 /* Home */,
				BA63445C22C489F70024CB25 /* Settings */,
				BA63445222C47A3A0024CB25 /* Dashboard */,
				BA63445622C47B8C0024CB25 /* AppFunctionalityStoryboard.storyboard */,
			);
			path = "App Functionality";
			sourceTree = "<group>";
		};
		BA63445C22C489F70024CB25 /* Settings */ = {
			isa = PBXGroup;
			children = (
				BA63446022C48A280024CB25 /* SettingsStoryboard.storyboard */,
				BA63445A22C488040024CB25 /* SettingsViewController.swift */,
			);
			path = Settings;
			sourceTree = "<group>";
		};
		BA63445D22C489FD0024CB25 /* Home */ = {
			isa = PBXGroup;
			children = (
				BA6A54BC22CA0E5100468E13 /* Project List */,
				BA2AE1BE22C5E0BB008A70E2 /* Employee List */,
				BA63445822C485CC0024CB25 /* HomeViewController.swift */,
				BA63445E22C48A190024CB25 /* HomeStoryboard.storyboard */,
				BA63446222C499C50024CB25 /* DetailsViewController.swift */,
				BA0C144C22D302EB001394F0 /* MapViewController.swift */,
			);
			path = Home;
			sourceTree = "<group>";
		};
		BA6A54B322CA091100468E13 /* EmployeeCollectionViewCell */ = {
			isa = PBXGroup;
			children = (
				BA6A54B522CA093C00468E13 /* EmployeeCollectionViewCell.xib */,
				BA6A54BA22CA0BEB00468E13 /* EmployeeCollectionViewCell.swift */,
			);
			path = EmployeeCollectionViewCell;
			sourceTree = "<group>";
		};
		BA6A54BC22CA0E5100468E13 /* Project List */ = {
			isa = PBXGroup;
			children = (
				BA6A54BD22CA0E5F00468E13 /* Project.swift */,
			);
			path = "Project List";
			sourceTree = "<group>";
		};
		BA74AEF922C364C00038DCEF /* Constants */ = {
			isa = PBXGroup;
			children = (
				BA74AEFA22C364D50038DCEF /* StringConstants.swift */,
				BA1B36F722CB70D800593C34 /* Constants.swift */,
			);
			path = Constants;
			sourceTree = "<group>";
		};
		BA74AEFC22C373500038DCEF /* Helpers */ = {
			isa = PBXGroup;
			children = (
				BA74AEFE22C3780F0038DCEF /* FormValidation.swift */,
				BA1B36F522CB632100593C34 /* UserDefaultsHelper.swift */,
			);
			path = Helpers;
			sourceTree = "<group>";
		};
		BA74AF0422C382900038DCEF /* Extensions */ = {
			isa = PBXGroup;
			children = (
				BA74AF0522C382AB0038DCEF /* StringExtension.swift */,
				BA74AF0722C383D20038DCEF /* IntExtension.swift */,
				BA74AF0922C384500038DCEF /* BoolExtension.swift */,
				BA74AF0D22C38BFF0038DCEF /* UIViewControllerExtension.swift */,
				BA871D5D22D5E7C300E8CBB6 /* CLPlacemarkExtension.swift */,
			);
			path = Extensions;
			sourceTree = "<group>";
		};
		BAB22F2122C9C7EC008FC03A /* Custom Views */ = {
			isa = PBXGroup;
			children = (
				BAB22F2222C9C7F6008FC03A /* Cells */,
			);
			path = "Custom Views";
			sourceTree = "<group>";
		};
		BAB22F2222C9C7F6008FC03A /* Cells */ = {
			isa = PBXGroup;
			children = (
				BA6A54B322CA091100468E13 /* EmployeeCollectionViewCell */,
				BAB22F2322C9C7FB008FC03A /* EmployeeCell */,
			);
			path = Cells;
			sourceTree = "<group>";
		};
		BAB22F2322C9C7FB008FC03A /* EmployeeCell */ = {
			isa = PBXGroup;
			children = (
				BAB22F2422C9C815008FC03A /* EmployeeTableViewCell.swift */,
				BAB22F2522C9C815008FC03A /* EmployeeTableViewCell.xib */,
			);
			path = EmployeeCell;
			sourceTree = "<group>";
		};
		BADBAE7E22C1DF4700E38EBA = {
			isa = PBXGroup;
			children = (
				BADBAE8922C1DF4700E38EBA /* IW Employee System */,
				BADBAE8822C1DF4700E38EBA /* Products */,
				0975E2F91C5B1C804FE67705 /* Pods */,
				4EFDB5BDC5290D694B039FA8 /* Frameworks */,
			);
			sourceTree = "<group>";
		};
		BADBAE8822C1DF4700E38EBA /* Products */ = {
			isa = PBXGroup;
			children = (
				BADBAE8722C1DF4700E38EBA /* IW Employee System.app */,
			);
			name = Products;
			sourceTree = "<group>";
		};
		BADBAE8922C1DF4700E38EBA /* IW Employee System */ = {
			isa = PBXGroup;
			children = (
				BAB22F2122C9C7EC008FC03A /* Custom Views */,
				BA74AF0422C382900038DCEF /* Extensions */,
				BA74AEFC22C373500038DCEF /* Helpers */,
				BA74AEF922C364C00038DCEF /* Constants */,
				BADBAEA622C233CC00E38EBA /* Libraries */,
				BADBAE9C22C1DF5400E38EBA /* Modules */,
				BADBAE8A22C1DF4700E38EBA /* AppDelegate.swift */,
				BADBAE8C22C1DF4700E38EBA /* ViewController.swift */,
				BADBAE8E22C1DF4700E38EBA /* Main.storyboard */,
				BADBAE9122C1DF4900E38EBA /* Assets.xcassets */,
				BADBAE9322C1DF4900E38EBA /* LaunchScreen.storyboard */,
				BADBAE9622C1DF4900E38EBA /* Info.plist */,
			);
			path = "IW Employee System";
			sourceTree = "<group>";
		};
		BADBAE9C22C1DF5400E38EBA /* Modules */ = {
			isa = PBXGroup;
			children = (
				BA63445522C47B660024CB25 /* App Functionality */,
				BADBAE9D22C1DF5C00E38EBA /* Account */,
			);
			path = Modules;
			sourceTree = "<group>";
		};
		BADBAE9D22C1DF5C00E38EBA /* Account */ = {
			isa = PBXGroup;
			children = (
				BADBAEA322C1E02B00E38EBA /* Sign Up */,
				BADBAEA022C1DF8900E38EBA /* Login */,
				BADBAE9E22C1DF7D00E38EBA /* AccountStoryboard.storyboard */,
			);
			path = Account;
			sourceTree = "<group>";
		};
		BADBAEA022C1DF8900E38EBA /* Login */ = {
			isa = PBXGroup;
			children = (
				BADBAEA122C1DF9A00E38EBA /* LoginViewController.swift */,
				BA74AF0022C37BA00038DCEF /* LoginModel.swift */,
				BA1B36F322CB4B0900593C34 /* User.swift */,
			);
			path = Login;
			sourceTree = "<group>";
		};
		BADBAEA322C1E02B00E38EBA /* Sign Up */ = {
			isa = PBXGroup;
			children = (
				BADBAEA422C1E03B00E38EBA /* SignUpViewController.swift */,
				BA74AF0222C381320038DCEF /* SignUpModel.swift */,
			);
			path = "Sign Up";
			sourceTree = "<group>";
		};
		BADBAEA622C233CC00E38EBA /* Libraries */ = {
			isa = PBXGroup;
			children = (
				BADBAEA722C233D500E38EBA /* Keyboarding ViewController */,
			);
			path = Libraries;
			sourceTree = "<group>";
		};
		BADBAEA722C233D500E38EBA /* Keyboarding ViewController */ = {
			isa = PBXGroup;
			children = (
				BADBAEAA22C233FF00E38EBA /* AccessoryBar.swift */,
				BADBAEA822C233FF00E38EBA /* AccessoryBar.xib */,
				BADBAEA922C233FF00E38EBA /* KeyboardAvoidingViewController.swift */,
			);
			path = "Keyboarding ViewController";
			sourceTree = "<group>";
		};
/* End PBXGroup section */

/* Begin PBXNativeTarget section */
		BADBAE8622C1DF4700E38EBA /* IW Employee System */ = {
			isa = PBXNativeTarget;
			buildConfigurationList = BADBAE9922C1DF4900E38EBA /* Build configuration list for PBXNativeTarget "IW Employee System" */;
			buildPhases = (
				74F1F860CD441FF0C9DDCA13 /* [CP] Check Pods Manifest.lock */,
				BADBAE8322C1DF4700E38EBA /* Sources */,
				BADBAE8422C1DF4700E38EBA /* Frameworks */,
				BADBAE8522C1DF4700E38EBA /* Resources */,
				8E775A94B5CD382E12B7288E /* [CP] Embed Pods Frameworks */,
				C6FEDEF15503D407712EFE7F /* [CP] Copy Pods Resources */,
			);
			buildRules = (
			);
			dependencies = (
			);
			name = "IW Employee System";
			productName = "IW Employee System";
			productReference = BADBAE8722C1DF4700E38EBA /* IW Employee System.app */;
			productType = "com.apple.product-type.application";
		};
/* End PBXNativeTarget section */

/* Begin PBXProject section */
		BADBAE7F22C1DF4700E38EBA /* Project object */ = {
			isa = PBXProject;
			attributes = {
				LastSwiftUpdateCheck = 1020;
				LastUpgradeCheck = 1020;
				ORGANIZATIONNAME = "Sagun Raj Lage";
				TargetAttributes = {
					BADBAE8622C1DF4700E38EBA = {
						CreatedOnToolsVersion = 10.2.1;
					};
				};
			};
			buildConfigurationList = BADBAE8222C1DF4700E38EBA /* Build configuration list for PBXProject "IW Employee System" */;
			compatibilityVersion = "Xcode 9.3";
			developmentRegion = en;
			hasScannedForEncodings = 0;
			knownRegions = (
				en,
				Base,
			);
			mainGroup = BADBAE7E22C1DF4700E38EBA;
			productRefGroup = BADBAE8822C1DF4700E38EBA /* Products */;
			projectDirPath = "";
			projectRoot = "";
			targets = (
				BADBAE8622C1DF4700E38EBA /* IW Employee System */,
			);
		};
/* End PBXProject section */

/* Begin PBXResourcesBuildPhase section */
		BADBAE8522C1DF4700E38EBA /* Resources */ = {
			isa = PBXResourcesBuildPhase;
			buildActionMask = 2147483647;
			files = (
				BAB22F2722C9C815008FC03A /* EmployeeTableViewCell.xib in Resources */,
				BA6A54B722CA093C00468E13 /* EmployeeCollectionViewCell.xib in Resources */,
				BADBAE9522C1DF4900E38EBA /* LaunchScreen.storyboard in Resources */,
				BADBAE9F22C1DF7D00E38EBA /* AccountStoryboard.storyboard in Resources */,
				BADBAEAB22C2340000E38EBA /* AccessoryBar.xib in Resources */,
				BADBAE9222C1DF4900E38EBA /* Assets.xcassets in Resources */,
				BA63445F22C48A190024CB25 /* HomeStoryboard.storyboard in Resources */,
				BA63445722C47B8C0024CB25 /* AppFunctionalityStoryboard.storyboard in Resources */,
				BA63446122C48A280024CB25 /* SettingsStoryboard.storyboard in Resources */,
				BADBAE9022C1DF4700E38EBA /* Main.storyboard in Resources */,
			);
			runOnlyForDeploymentPostprocessing = 0;
		};
/* End PBXResourcesBuildPhase section */

/* Begin PBXShellScriptBuildPhase section */
		74F1F860CD441FF0C9DDCA13 /* [CP] Check Pods Manifest.lock */ = {
			isa = PBXShellScriptBuildPhase;
			buildActionMask = 2147483647;
			files = (
			);
			inputFileListPaths = (
			);
			inputPaths = (
				"${PODS_PODFILE_DIR_PATH}/Podfile.lock",
				"${PODS_ROOT}/Manifest.lock",
			);
			name = "[CP] Check Pods Manifest.lock";
			outputFileListPaths = (
			);
			outputPaths = (
				"$(DERIVED_FILE_DIR)/Pods-IW Employee System-checkManifestLockResult.txt",
			);
			runOnlyForDeploymentPostprocessing = 0;
			shellPath = /bin/sh;
			shellScript = "diff \"${PODS_PODFILE_DIR_PATH}/Podfile.lock\" \"${PODS_ROOT}/Manifest.lock\" > /dev/null\nif [ $? != 0 ] ; then\n    # print error to STDERR\n    echo \"error: The sandbox is not in sync with the Podfile.lock. Run 'pod install' or update your CocoaPods installation.\" >&2\n    exit 1\nfi\n# This output is used by Xcode 'outputs' to avoid re-running this script phase.\necho \"SUCCESS\" > \"${SCRIPT_OUTPUT_FILE_0}\"\n";
			showEnvVarsInLog = 0;
		};
		8E775A94B5CD382E12B7288E /* [CP] Embed Pods Frameworks */ = {
			isa = PBXShellScriptBuildPhase;
			buildActionMask = 2147483647;
			files = (
			);
			inputFileListPaths = (
				"${PODS_ROOT}/Target Support Files/Pods-IW Employee System/Pods-IW Employee System-frameworks-${CONFIGURATION}-input-files.xcfilelist",
			);
			name = "[CP] Embed Pods Frameworks";
			outputFileListPaths = (
				"${PODS_ROOT}/Target Support Files/Pods-IW Employee System/Pods-IW Employee System-frameworks-${CONFIGURATION}-output-files.xcfilelist",
			);
			runOnlyForDeploymentPostprocessing = 0;
			shellPath = /bin/sh;
			shellScript = "\"${PODS_ROOT}/Target Support Files/Pods-IW Employee System/Pods-IW Employee System-frameworks.sh\"\n";
			showEnvVarsInLog = 0;
		};
		C6FEDEF15503D407712EFE7F /* [CP] Copy Pods Resources */ = {
			isa = PBXShellScriptBuildPhase;
			buildActionMask = 2147483647;
			files = (
			);
			inputFileListPaths = (
				"${PODS_ROOT}/Target Support Files/Pods-IW Employee System/Pods-IW Employee System-resources-${CONFIGURATION}-input-files.xcfilelist",
			);
			name = "[CP] Copy Pods Resources";
			outputFileListPaths = (
				"${PODS_ROOT}/Target Support Files/Pods-IW Employee System/Pods-IW Employee System-resources-${CONFIGURATION}-output-files.xcfilelist",
			);
			runOnlyForDeploymentPostprocessing = 0;
			shellPath = /bin/sh;
			shellScript = "\"${PODS_ROOT}/Target Support Files/Pods-IW Employee System/Pods-IW Employee System-resources.sh\"\n";
			showEnvVarsInLog = 0;
		};
/* End PBXShellScriptBuildPhase section */

/* Begin PBXSourcesBuildPhase section */
		BADBAE8322C1DF4700E38EBA /* Sources */ = {
			isa = PBXSourcesBuildPhase;
			buildActionMask = 2147483647;
			files = (
				BA1B36F822CB70D800593C34 /* Constants.swift in Sources */,
				BADBAEAD22C2340000E38EBA /* AccessoryBar.swift in Sources */,
				BADBAEA222C1DF9A00E38EBA /* LoginViewController.swift in Sources */,
				BA74AF0E22C38BFF0038DCEF /* UIViewControllerExtension.swift in Sources */,
				BADBAE8D22C1DF4700E38EBA /* ViewController.swift in Sources */,
				BA74AEFB22C364D50038DCEF /* StringConstants.swift in Sources */,
				BA74AF0122C37BA00038DCEF /* LoginModel.swift in Sources */,
				BA6A54BB22CA0BEB00468E13 /* EmployeeCollectionViewCell.swift in Sources */,
				BA871D5E22D5E7C300E8CBB6 /* CLPlacemarkExtension.swift in Sources */,
				BA74AF0A22C384500038DCEF /* BoolExtension.swift in Sources */,
				BA63445422C47A4E0024CB25 /* AppTabBarController.swift in Sources */,
				BA74AF0822C383D20038DCEF /* IntExtension.swift in Sources */,
				BADBAEA522C1E03B00E38EBA /* SignUpViewController.swift in Sources */,
				BADBAE8B22C1DF4700E38EBA /* AppDelegate.swift in Sources */,
				BA63446322C499C50024CB25 /* DetailsViewController.swift in Sources */,
				BA63445922C485CC0024CB25 /* HomeViewController.swift in Sources */,
				BAB22F2622C9C815008FC03A /* EmployeeTableViewCell.swift in Sources */,
				BA63445B22C488040024CB25 /* SettingsViewController.swift in Sources */,
				BA74AF0322C381320038DCEF /* SignUpModel.swift in Sources */,
				BA2AE1BB22C5DB71008A70E2 /* Employee.swift in Sources */,
				BA0C144D22D302EB001394F0 /* MapViewController.swift in Sources */,
				BA1B36F622CB632100593C34 /* UserDefaultsHelper.swift in Sources */,
				BA74AEFF22C3780F0038DCEF /* FormValidation.swift in Sources */,
				BA74AF0622C382AB0038DCEF /* StringExtension.swift in Sources */,
				BADBAEAC22C2340000E38EBA /* KeyboardAvoidingViewController.swift in Sources */,
				BA6A54BE22CA0E5F00468E13 /* Project.swift in Sources */,
				BA1B36F422CB4B0900593C34 /* User.swift in Sources */,
			);
			runOnlyForDeploymentPostprocessing = 0;
		};
/* End PBXSourcesBuildPhase section */

/* Begin PBXVariantGroup section */
		BADBAE8E22C1DF4700E38EBA /* Main.storyboard */ = {
			isa = PBXVariantGroup;
			children = (
				BADBAE8F22C1DF4700E38EBA /* Base */,
			);
			name = Main.storyboard;
			sourceTree = "<group>";
		};
		BADBAE9322C1DF4900E38EBA /* LaunchScreen.storyboard */ = {
			isa = PBXVariantGroup;
			children = (
				BADBAE9422C1DF4900E38EBA /* Base */,
			);
			name = LaunchScreen.storyboard;
			sourceTree = "<group>";
		};
/* End PBXVariantGroup section */

/* Begin XCBuildConfiguration section */
		BADBAE9722C1DF4900E38EBA /* Debug */ = {
			isa = XCBuildConfiguration;
			buildSettings = {
				ALWAYS_SEARCH_USER_PATHS = NO;
				CLANG_ANALYZER_NONNULL = YES;
				CLANG_ANALYZER_NUMBER_OBJECT_CONVERSION = YES_AGGRESSIVE;
				CLANG_CXX_LANGUAGE_STANDARD = "gnu++14";
				CLANG_CXX_LIBRARY = "libc++";
				CLANG_ENABLE_MODULES = YES;
				CLANG_ENABLE_OBJC_ARC = YES;
				CLANG_ENABLE_OBJC_WEAK = YES;
				CLANG_WARN_BLOCK_CAPTURE_AUTORELEASING = YES;
				CLANG_WARN_BOOL_CONVERSION = YES;
				CLANG_WARN_COMMA = YES;
				CLANG_WARN_CONSTANT_CONVERSION = YES;
				CLANG_WARN_DEPRECATED_OBJC_IMPLEMENTATIONS = YES;
				CLANG_WARN_DIRECT_OBJC_ISA_USAGE = YES_ERROR;
				CLANG_WARN_DOCUMENTATION_COMMENTS = YES;
				CLANG_WARN_EMPTY_BODY = YES;
				CLANG_WARN_ENUM_CONVERSION = YES;
				CLANG_WARN_INFINITE_RECURSION = YES;
				CLANG_WARN_INT_CONVERSION = YES;
				CLANG_WARN_NON_LITERAL_NULL_CONVERSION = YES;
				CLANG_WARN_OBJC_IMPLICIT_RETAIN_SELF = YES;
				CLANG_WARN_OBJC_LITERAL_CONVERSION = YES;
				CLANG_WARN_OBJC_ROOT_CLASS = YES_ERROR;
				CLANG_WARN_RANGE_LOOP_ANALYSIS = YES;
				CLANG_WARN_STRICT_PROTOTYPES = YES;
				CLANG_WARN_SUSPICIOUS_MOVE = YES;
				CLANG_WARN_UNGUARDED_AVAILABILITY = YES_AGGRESSIVE;
				CLANG_WARN_UNREACHABLE_CODE = YES;
				CLANG_WARN__DUPLICATE_METHOD_MATCH = YES;
				CODE_SIGN_IDENTITY = "iPhone Developer";
				COPY_PHASE_STRIP = NO;
				DEBUG_INFORMATION_FORMAT = dwarf;
				ENABLE_STRICT_OBJC_MSGSEND = YES;
				ENABLE_TESTABILITY = YES;
				GCC_C_LANGUAGE_STANDARD = gnu11;
				GCC_DYNAMIC_NO_PIC = NO;
				GCC_NO_COMMON_BLOCKS = YES;
				GCC_OPTIMIZATION_LEVEL = 0;
				GCC_PREPROCESSOR_DEFINITIONS = (
					"DEBUG=1",
					"$(inherited)",
				);
				GCC_WARN_64_TO_32_BIT_CONVERSION = YES;
				GCC_WARN_ABOUT_RETURN_TYPE = YES_ERROR;
				GCC_WARN_UNDECLARED_SELECTOR = YES;
				GCC_WARN_UNINITIALIZED_AUTOS = YES_AGGRESSIVE;
				GCC_WARN_UNUSED_FUNCTION = YES;
				GCC_WARN_UNUSED_VARIABLE = YES;
				IPHONEOS_DEPLOYMENT_TARGET = 12.2;
				MTL_ENABLE_DEBUG_INFO = INCLUDE_SOURCE;
				MTL_FAST_MATH = YES;
				ONLY_ACTIVE_ARCH = YES;
				SDKROOT = iphoneos;
				SWIFT_ACTIVE_COMPILATION_CONDITIONS = DEBUG;
				SWIFT_OPTIMIZATION_LEVEL = "-Onone";
			};
			name = Debug;
		};
		BADBAE9822C1DF4900E38EBA /* Release */ = {
			isa = XCBuildConfiguration;
			buildSettings = {
				ALWAYS_SEARCH_USER_PATHS = NO;
				CLANG_ANALYZER_NONNULL = YES;
				CLANG_ANALYZER_NUMBER_OBJECT_CONVERSION = YES_AGGRESSIVE;
				CLANG_CXX_LANGUAGE_STANDARD = "gnu++14";
				CLANG_CXX_LIBRARY = "libc++";
				CLANG_ENABLE_MODULES = YES;
				CLANG_ENABLE_OBJC_ARC = YES;
				CLANG_ENABLE_OBJC_WEAK = YES;
				CLANG_WARN_BLOCK_CAPTURE_AUTORELEASING = YES;
				CLANG_WARN_BOOL_CONVERSION = YES;
				CLANG_WARN_COMMA = YES;
				CLANG_WARN_CONSTANT_CONVERSION = YES;
				CLANG_WARN_DEPRECATED_OBJC_IMPLEMENTATIONS = YES;
				CLANG_WARN_DIRECT_OBJC_ISA_USAGE = YES_ERROR;
				CLANG_WARN_DOCUMENTATION_COMMENTS = YES;
				CLANG_WARN_EMPTY_BODY = YES;
				CLANG_WARN_ENUM_CONVERSION = YES;
				CLANG_WARN_INFINITE_RECURSION = YES;
				CLANG_WARN_INT_CONVERSION = YES;
				CLANG_WARN_NON_LITERAL_NULL_CONVERSION = YES;
				CLANG_WARN_OBJC_IMPLICIT_RETAIN_SELF = YES;
				CLANG_WARN_OBJC_LITERAL_CONVERSION = YES;
				CLANG_WARN_OBJC_ROOT_CLASS = YES_ERROR;
				CLANG_WARN_RANGE_LOOP_ANALYSIS = YES;
				CLANG_WARN_STRICT_PROTOTYPES = YES;
				CLANG_WARN_SUSPICIOUS_MOVE = YES;
				CLANG_WARN_UNGUARDED_AVAILABILITY = YES_AGGRESSIVE;
				CLANG_WARN_UNREACHABLE_CODE = YES;
				CLANG_WARN__DUPLICATE_METHOD_MATCH = YES;
				CODE_SIGN_IDENTITY = "iPhone Developer";
				COPY_PHASE_STRIP = NO;
				DEBUG_INFORMATION_FORMAT = "dwarf-with-dsym";
				ENABLE_NS_ASSERTIONS = NO;
				ENABLE_STRICT_OBJC_MSGSEND = YES;
				GCC_C_LANGUAGE_STANDARD = gnu11;
				GCC_NO_COMMON_BLOCKS = YES;
				GCC_WARN_64_TO_32_BIT_CONVERSION = YES;
				GCC_WARN_ABOUT_RETURN_TYPE = YES_ERROR;
				GCC_WARN_UNDECLARED_SELECTOR = YES;
				GCC_WARN_UNINITIALIZED_AUTOS = YES_AGGRESSIVE;
				GCC_WARN_UNUSED_FUNCTION = YES;
				GCC_WARN_UNUSED_VARIABLE = YES;
				IPHONEOS_DEPLOYMENT_TARGET = 12.2;
				MTL_ENABLE_DEBUG_INFO = NO;
				MTL_FAST_MATH = YES;
				SDKROOT = iphoneos;
				SWIFT_COMPILATION_MODE = wholemodule;
				SWIFT_OPTIMIZATION_LEVEL = "-O";
				VALIDATE_PRODUCT = YES;
			};
			name = Release;
		};
		BADBAE9A22C1DF4900E38EBA /* Debug */ = {
			isa = XCBuildConfiguration;
			baseConfigurationReference = 7F2825018667EFDABDE01E40 /* Pods-IW Employee System.debug.xcconfig */;
			buildSettings = {
				ASSETCATALOG_COMPILER_APPICON_NAME = AppIcon;
				CODE_SIGN_STYLE = Automatic;
				DEVELOPMENT_TEAM = 4A9G74U4RU;
				INFOPLIST_FILE = "IW Employee System/Info.plist";
				LD_RUNPATH_SEARCH_PATHS = (
					"$(inherited)",
					"@executable_path/Frameworks",
				);
				PRODUCT_BUNDLE_IDENTIFIER = "np.com.sagunrajlage.IW-Employee-System";
				PRODUCT_NAME = "$(TARGET_NAME)";
				SWIFT_VERSION = 5.0;
				TARGETED_DEVICE_FAMILY = "1,2";
			};
			name = Debug;
		};
		BADBAE9B22C1DF4900E38EBA /* Release */ = {
			isa = XCBuildConfiguration;
			baseConfigurationReference = 23157B5413DAC9EE16E04732 /* Pods-IW Employee System.release.xcconfig */;
			buildSettings = {
				ASSETCATALOG_COMPILER_APPICON_NAME = AppIcon;
				CODE_SIGN_STYLE = Automatic;
				DEVELOPMENT_TEAM = 4A9G74U4RU;
				INFOPLIST_FILE = "IW Employee System/Info.plist";
				LD_RUNPATH_SEARCH_PATHS = (
					"$(inherited)",
					"@executable_path/Frameworks",
				);
				PRODUCT_BUNDLE_IDENTIFIER = "np.com.sagunrajlage.IW-Employee-System";
				PRODUCT_NAME = "$(TARGET_NAME)";
				SWIFT_VERSION = 5.0;
				TARGETED_DEVICE_FAMILY = "1,2";
			};
			name = Release;
		};
/* End XCBuildConfiguration section */

/* Begin XCConfigurationList section */
		BADBAE8222C1DF4700E38EBA /* Build configuration list for PBXProject "IW Employee System" */ = {
			isa = XCConfigurationList;
			buildConfigurations = (
				BADBAE9722C1DF4900E38EBA /* Debug */,
				BADBAE9822C1DF4900E38EBA /* Release */,
			);
			defaultConfigurationIsVisible = 0;
			defaultConfigurationName = Release;
		};
		BADBAE9922C1DF4900E38EBA /* Build configuration list for PBXNativeTarget "IW Employee System" */ = {
			isa = XCConfigurationList;
			buildConfigurations = (
				BADBAE9A22C1DF4900E38EBA /* Debug */,
				BADBAE9B22C1DF4900E38EBA /* Release */,
			);
			defaultConfigurationIsVisible = 0;
			defaultConfigurationName = Release;
		};
/* End XCConfigurationList section */
	};
	rootObject = BADBAE7F22C1DF4700E38EBA /* Project object */;
}
